github.com/go-playground/assert/v2 v2.0.1 h1:MsBgLAaY856+nPRTKrp3/OZK38U/wa0CcBYNjji3q3A=
github.com/go-playground/assert/v2 v2.0.1/go.mod h1:VDjEfimB/XKnb+ZQfWdccd7VUvScMdVu0Titje2rxJ4=
github.com/go4s/configuration v1.0.6 h1:ocHuGcBKsZBBN0fL6FFuXD9kKFB+u67KQwwgOJAHGfQ=
github.com/go4s/configuration v1.0.6/go.mod h1:bUeSQ6qomXCBYWsyXaIcOdKEUw7hEamflJbLhjiSKBI=
golang.org/x/sync v0.0.0-20210220032951-036812b2e83c h1:5KslGYwFpkhGh+Q16bwMP3cOontH8FOep7tGV86Y7SQ=
golang.org/x/sync v0.0.0-20210220032951-036812b2e83c/go.mod h1:RxMgew5VJxzue5/jJTE5uejpjVlOe/izrB70Jof72aM=
